
Microsoft Visual Studio Solution File, Format Version 12.00
# Visual Studio Version 17
VisualStudioVersion = 17.5.33516.290
MinimumVisualStudioVersion = 10.0.40219.1
Project("{FAE04EC0-301F-11D3-BF4B-00C04F79EFBC}") = "ProjectManagmentSystem", "ProjectManagmentSystem\ProjectManagmentSystem.csproj", "{453D7BF2-4AC8-4A42-B8B6-0EBB9E37ACE3}"
EndProject
Global
	GlobalSection(SolutionConfigurationPlatforms) = preSolution
		Debug|Any CPU = Debug|Any CPU
		Release|Any CPU = Release|Any CPU
	EndGlobalSection
	GlobalSection(ProjectConfigurationPlatforms) = postSolution
		{453D7BF2-4AC8-4A42-B8B6-0EBB9E37ACE3}.Debug|Any CPU.ActiveCfg = Debug|Any CPU
		{453D7BF2-4AC8-4A42-B8B6-0EBB9E37ACE3}.Debug|Any CPU.Build.0 = Debug|Any CPU
		{453D7BF2-4AC8-4A42-B8B6-0EBB9E37ACE3}.Release|Any CPU.ActiveCfg = Release|Any CPU
		{453D7BF2-4AC8-4A42-B8B6-0EBB9E37ACE3}.Release|Any CPU.Build.0 = Release|Any CPU
	EndGlobalSection
	GlobalSection(SolutionProperties) = preSolution
		HideSolutionNode = FALSE
	EndGlobalSection
	GlobalSection(ExtensibilityGlobals) = postSolution
		SolutionGuid = {5A78BB80-5717-48DE-A8AD-028AA04ACA2F}
	EndGlobalSection
EndGlobal
